// !$*UTF8*$!
{
	archiveVersion = 1;
	classes = {
	};
	objectVersion = 51;
	objects = {

/* Begin PBXBuildFile section */
		011F2F812483860F00E90A9B /* PieChartView.swift in Sources */ = {isa = PBXBuildFile; fileRef = 011F2F802483860F00E90A9B /* PieChartView.swift */; };
		011F2F832483861600E90A9B /* PieChartView.xib in Resources */ = {isa = PBXBuildFile; fileRef = 011F2F822483861600E90A9B /* PieChartView.xib */; };
		01836852247EB08F008900CE /* PetTableViewController.swift in Sources */ = {isa = PBXBuildFile; fileRef = 01836851247EB08F008900CE /* PetTableViewController.swift */; };
		299A412441AD962F8707D7EA /* Pods_NoteApp.framework in Frameworks */ = {isa = PBXBuildFile; fileRef = FADA0D78175C45742B2174F5 /* Pods_NoteApp.framework */; };
		BF31117D2448088E0015FD94 /* AppDelegate.swift in Sources */ = {isa = PBXBuildFile; fileRef = BF31117C2448088E0015FD94 /* AppDelegate.swift */; };
		BF3111842448088E0015FD94 /* Main.storyboard in Resources */ = {isa = PBXBuildFile; fileRef = BF3111822448088E0015FD94 /* Main.storyboard */; };
		BF311186244808920015FD94 /* Assets.xcassets in Resources */ = {isa = PBXBuildFile; fileRef = BF311185244808920015FD94 /* Assets.xcassets */; };
		BF311189244808920015FD94 /* LaunchScreen.storyboard in Resources */ = {isa = PBXBuildFile; fileRef = BF311187244808920015FD94 /* LaunchScreen.storyboard */; };
		BF31119324480A930015FD94 /* ListViewController.swift in Sources */ = {isa = PBXBuildFile; fileRef = BF31119224480A930015FD94 /* ListViewController.swift */; };
		BF373C272448206D0051387B /* Note.swift in Sources */ = {isa = PBXBuildFile; fileRef = BF373C262448206D0051387B /* Note.swift */; };
		BF3F1EB22449454A0016F99D /* NoteCell.swift in Sources */ = {isa = PBXBuildFile; fileRef = BF3F1EB12449454A0016F99D /* NoteCell.swift */; };
		BF3F1EB4244953170016F99D /* NoteViewController.swift in Sources */ = {isa = PBXBuildFile; fileRef = BF3F1EB3244953170016F99D /* NoteViewController.swift */; };
		BF4D77C42457CDBB0052E461 /* NoteDataModel.xcdatamodeld in Sources */ = {isa = PBXBuildFile; fileRef = BF4D77C22457CDBB0052E461 /* NoteDataModel.xcdatamodeld */; };
		BF4D77C62457D4250052E461 /* CoreDataHelper.swift in Sources */ = {isa = PBXBuildFile; fileRef = BF4D77C52457D4250052E461 /* CoreDataHelper.swift */; };
		D40205F1247F74FD00FF1898 /* FirstViewController.swift in Sources */ = {isa = PBXBuildFile; fileRef = D40205F0247F74FD00FF1898 /* FirstViewController.swift */; };
		D4936355247FCA5E0050FA64 /* Pet.swift in Sources */ = {isa = PBXBuildFile; fileRef = D4936354247FCA5E0050FA64 /* Pet.swift */; };
		D4A9628C2484FC85001D0594 /* dog-park-100.png in Resources */ = {isa = PBXBuildFile; fileRef = D4A9628B2484FC84001D0594 /* dog-park-100.png */; };
		D4C010DB247D2DD600A50673 /* pointRed.png in Resources */ = {isa = PBXBuildFile; fileRef = D4C010D8247D2DD500A50673 /* pointRed.png */; };
		D4C010DC247D2DD600A50673 /* pointRed@2x.png in Resources */ = {isa = PBXBuildFile; fileRef = D4C010D9247D2DD600A50673 /* pointRed@2x.png */; };
		D4C010DD247D2DD600A50673 /* pointRed@3x.png in Resources */ = {isa = PBXBuildFile; fileRef = D4C010DA247D2DD600A50673 /* pointRed@3x.png */; };
		D4C010DF247D382C00A50673 /* EGImageAnnotionView.swift in Sources */ = {isa = PBXBuildFile; fileRef = D4C010DE247D382C00A50673 /* EGImageAnnotionView.swift */; };
		D4CE496F247374060025F277 /* GoogleService-Info.plist in Resources */ = {isa = PBXBuildFile; fileRef = D4CE496E247374060025F277 /* GoogleService-Info.plist */; };
		D4ED5129246E783F006F8FE0 /* InfoPlist.strings in Resources */ = {isa = PBXBuildFile; fileRef = D4ED512B246E783F006F8FE0 /* InfoPlist.strings */; };
		D4ED512F246E7FCF006F8FE0 /* Localizable.strings in Resources */ = {isa = PBXBuildFile; fileRef = D4ED5131246E7FCF006F8FE0 /* Localizable.strings */; };
		D4FE0FA9247D2A42008C6A8A /* MapViewController.swift in Sources */ = {isa = PBXBuildFile; fileRef = D4FE0FA8247D2A42008C6A8A /* MapViewController.swift */; };
		D4FE0FAB247D2A68008C6A8A /* MapViewController+LocationSupport.swift in Sources */ = {isa = PBXBuildFile; fileRef = D4FE0FAA247D2A68008C6A8A /* MapViewController+LocationSupport.swift */; };
		D4FE0FAD247D2A85008C6A8A /* DispatchQueue+Once.swift in Sources */ = {isa = PBXBuildFile; fileRef = D4FE0FAC247D2A85008C6A8A /* DispatchQueue+Once.swift */; };
/* End PBXBuildFile section */

/* Begin PBXFileReference section */
		011F2F802483860F00E90A9B /* PieChartView.swift */ = {isa = PBXFileReference; fileEncoding = 4; lastKnownFileType = sourcecode.swift; path = PieChartView.swift; sourceTree = "<group>"; };
		011F2F822483861600E90A9B /* PieChartView.xib */ = {isa = PBXFileReference; fileEncoding = 4; lastKnownFileType = file.xib; path = PieChartView.xib; sourceTree = "<group>"; };
		01836851247EB08F008900CE /* PetTableViewController.swift */ = {isa = PBXFileReference; lastKnownFileType = sourcecode.swift; path = PetTableViewController.swift; sourceTree = "<group>"; };
		2A3AC010A7572A92FC65EAD8 /* Pods-NoteApp.release.xcconfig */ = {isa = PBXFileReference; includeInIndex = 1; lastKnownFileType = text.xcconfig; name = "Pods-NoteApp.release.xcconfig"; path = "Target Support Files/Pods-NoteApp/Pods-NoteApp.release.xcconfig"; sourceTree = "<group>"; };
		622C8FD776E086C7281C9703 /* Pods-NoteApp.debug.xcconfig */ = {isa = PBXFileReference; includeInIndex = 1; lastKnownFileType = text.xcconfig; name = "Pods-NoteApp.debug.xcconfig"; path = "Target Support Files/Pods-NoteApp/Pods-NoteApp.debug.xcconfig"; sourceTree = "<group>"; };
		BF3111792448088E0015FD94 /* NoteApp.app */ = {isa = PBXFileReference; explicitFileType = wrapper.application; includeInIndex = 0; path = NoteApp.app; sourceTree = BUILT_PRODUCTS_DIR; };
		BF31117C2448088E0015FD94 /* AppDelegate.swift */ = {isa = PBXFileReference; lastKnownFileType = sourcecode.swift; path = AppDelegate.swift; sourceTree = "<group>"; };
		BF3111832448088E0015FD94 /* Base */ = {isa = PBXFileReference; lastKnownFileType = file.storyboard; name = Base; path = Base.lproj/Main.storyboard; sourceTree = "<group>"; };
		BF311185244808920015FD94 /* Assets.xcassets */ = {isa = PBXFileReference; lastKnownFileType = folder.assetcatalog; path = Assets.xcassets; sourceTree = "<group>"; };
		BF311188244808920015FD94 /* Base */ = {isa = PBXFileReference; lastKnownFileType = file.storyboard; name = Base; path = Base.lproj/LaunchScreen.storyboard; sourceTree = "<group>"; };
		BF31118A244808920015FD94 /* Info.plist */ = {isa = PBXFileReference; lastKnownFileType = text.plist.xml; path = Info.plist; sourceTree = "<group>"; };
		BF31119224480A930015FD94 /* ListViewController.swift */ = {isa = PBXFileReference; lastKnownFileType = sourcecode.swift; path = ListViewController.swift; sourceTree = "<group>"; };
		BF373C262448206D0051387B /* Note.swift */ = {isa = PBXFileReference; lastKnownFileType = sourcecode.swift; path = Note.swift; sourceTree = "<group>"; };
		BF3F1EB12449454A0016F99D /* NoteCell.swift */ = {isa = PBXFileReference; lastKnownFileType = sourcecode.swift; path = NoteCell.swift; sourceTree = "<group>"; };
		BF3F1EB3244953170016F99D /* NoteViewController.swift */ = {isa = PBXFileReference; lastKnownFileType = sourcecode.swift; path = NoteViewController.swift; sourceTree = "<group>"; };
		BF4D77C32457CDBB0052E461 /* NoteDataModel.xcdatamodel */ = {isa = PBXFileReference; lastKnownFileType = wrapper.xcdatamodel; path = NoteDataModel.xcdatamodel; sourceTree = "<group>"; };
		BF4D77C52457D4250052E461 /* CoreDataHelper.swift */ = {isa = PBXFileReference; fileEncoding = 4; lastKnownFileType = sourcecode.swift; path = CoreDataHelper.swift; sourceTree = "<group>"; };
		BF4D77C72457FF0C0052E461 /* 2.0.xcdatamodel */ = {isa = PBXFileReference; lastKnownFileType = wrapper.xcdatamodel; path = 2.0.xcdatamodel; sourceTree = "<group>"; };
		D40205F0247F74FD00FF1898 /* FirstViewController.swift */ = {isa = PBXFileReference; lastKnownFileType = sourcecode.swift; path = FirstViewController.swift; sourceTree = "<group>"; };
		D4936354247FCA5E0050FA64 /* Pet.swift */ = {isa = PBXFileReference; lastKnownFileType = sourcecode.swift; path = Pet.swift; sourceTree = "<group>"; };
		D4A9628B2484FC84001D0594 /* dog-park-100.png */ = {isa = PBXFileReference; lastKnownFileType = image.png; path = "dog-park-100.png"; sourceTree = "<group>"; };
		D4C010D8247D2DD500A50673 /* pointRed.png */ = {isa = PBXFileReference; lastKnownFileType = image.png; path = pointRed.png; sourceTree = "<group>"; };
		D4C010D9247D2DD600A50673 /* pointRed@2x.png */ = {isa = PBXFileReference; lastKnownFileType = image.png; path = "pointRed@2x.png"; sourceTree = "<group>"; };
		D4C010DA247D2DD600A50673 /* pointRed@3x.png */ = {isa = PBXFileReference; lastKnownFileType = image.png; path = "pointRed@3x.png"; sourceTree = "<group>"; };
		D4C010DE247D382C00A50673 /* EGImageAnnotionView.swift */ = {isa = PBXFileReference; fileEncoding = 4; lastKnownFileType = sourcecode.swift; path = EGImageAnnotionView.swift; sourceTree = "<group>"; };
		D4CE496E247374060025F277 /* GoogleService-Info.plist */ = {isa = PBXFileReference; fileEncoding = 4; lastKnownFileType = text.plist.xml; path = "GoogleService-Info.plist"; sourceTree = "<group>"; };
		D4ED5125246E74FF006F8FE0 /* zh-Hant */ = {isa = PBXFileReference; lastKnownFileType = text.plist.strings; name = "zh-Hant"; path = "zh-Hant.lproj/Main.strings"; sourceTree = "<group>"; };
		D4ED5126246E74FF006F8FE0 /* zh-Hant */ = {isa = PBXFileReference; lastKnownFileType = text.plist.strings; name = "zh-Hant"; path = "zh-Hant.lproj/LaunchScreen.strings"; sourceTree = "<group>"; };
		D4ED512A246E783F006F8FE0 /* en */ = {isa = PBXFileReference; lastKnownFileType = text.plist.strings; name = en; path = en.lproj/InfoPlist.strings; sourceTree = "<group>"; };
		D4ED512C246E7867006F8FE0 /* zh-Hant */ = {isa = PBXFileReference; lastKnownFileType = text.plist.strings; name = "zh-Hant"; path = "zh-Hant.lproj/InfoPlist.strings"; sourceTree = "<group>"; };
		D4ED5130246E7FCF006F8FE0 /* en */ = {isa = PBXFileReference; lastKnownFileType = text.plist.strings; name = en; path = en.lproj/Localizable.strings; sourceTree = "<group>"; };
		D4ED5132246E7FD3006F8FE0 /* zh-Hant */ = {isa = PBXFileReference; lastKnownFileType = text.plist.strings; name = "zh-Hant"; path = "zh-Hant.lproj/Localizable.strings"; sourceTree = "<group>"; };
		D4FE0FA8247D2A42008C6A8A /* MapViewController.swift */ = {isa = PBXFileReference; fileEncoding = 4; lastKnownFileType = sourcecode.swift; path = MapViewController.swift; sourceTree = "<group>"; };
		D4FE0FAA247D2A68008C6A8A /* MapViewController+LocationSupport.swift */ = {isa = PBXFileReference; fileEncoding = 4; lastKnownFileType = sourcecode.swift; path = "MapViewController+LocationSupport.swift"; sourceTree = "<group>"; };
		D4FE0FAC247D2A85008C6A8A /* DispatchQueue+Once.swift */ = {isa = PBXFileReference; fileEncoding = 4; lastKnownFileType = sourcecode.swift; path = "DispatchQueue+Once.swift"; sourceTree = "<group>"; };
		FADA0D78175C45742B2174F5 /* Pods_NoteApp.framework */ = {isa = PBXFileReference; explicitFileType = wrapper.framework; includeInIndex = 0; path = Pods_NoteApp.framework; sourceTree = BUILT_PRODUCTS_DIR; };
/* End PBXFileReference section */

/* Begin PBXFrameworksBuildPhase section */
		BF3111762448088E0015FD94 /* Frameworks */ = {
			isa = PBXFrameworksBuildPhase;
			buildActionMask = 2147483647;
			files = (
				299A412441AD962F8707D7EA /* Pods_NoteApp.framework in Frameworks */,
			);
			runOnlyForDeploymentPostprocessing = 0;
		};
/* End PBXFrameworksBuildPhase section */

/* Begin PBXGroup section */
		12530027D6ACC30B696E8134 /* Frameworks */ = {
			isa = PBXGroup;
			children = (
				FADA0D78175C45742B2174F5 /* Pods_NoteApp.framework */,
			);
			name = Frameworks;
			sourceTree = "<group>";
		};
		BF3111702448088E0015FD94 = {
			isa = PBXGroup;
			children = (
				BF31117B2448088E0015FD94 /* NoteApp */,
				ED560A9C6644492210458275 /* Pods */,
				12530027D6ACC30B696E8134 /* Frameworks */,
			);
			sourceTree = "<group>";
		};
		BF31117A2448088E0015FD94 /* Products */ = {
			isa = PBXGroup;
			children = (
				BF3111792448088E0015FD94 /* NoteApp.app */,
			);
			name = Products;
			path = ..;
			sourceTree = "<group>";
		};
		BF31117B2448088E0015FD94 /* NoteApp */ = {
			isa = PBXGroup;
			children = (
				D4A9628D2484FC9E001D0594 /* image */,
				011F2F822483861600E90A9B /* PieChartView.xib */,
				011F2F802483860F00E90A9B /* PieChartView.swift */,
				BF31117C2448088E0015FD94 /* AppDelegate.swift */,
				BF3111822448088E0015FD94 /* Main.storyboard */,
				BF311185244808920015FD94 /* Assets.xcassets */,
				BF311187244808920015FD94 /* LaunchScreen.storyboard */,
				BF31118A244808920015FD94 /* Info.plist */,
				D4ED512B246E783F006F8FE0 /* InfoPlist.strings */,
				BF31119224480A930015FD94 /* ListViewController.swift */,
				D4CE496E247374060025F277 /* GoogleService-Info.plist */,
				BF373C262448206D0051387B /* Note.swift */,
				BF3F1EB12449454A0016F99D /* NoteCell.swift */,
				BF3F1EB3244953170016F99D /* NoteViewController.swift */,
				BF4D77C22457CDBB0052E461 /* NoteDataModel.xcdatamodeld */,
				D4C010DE247D382C00A50673 /* EGImageAnnotionView.swift */,
				BF4D77C52457D4250052E461 /* CoreDataHelper.swift */,
				D4FE0FA8247D2A42008C6A8A /* MapViewController.swift */,
				D4FE0FAA247D2A68008C6A8A /* MapViewController+LocationSupport.swift */,
				D4FE0FAC247D2A85008C6A8A /* DispatchQueue+Once.swift */,
				D4C010D8247D2DD500A50673 /* pointRed.png */,
				D4C010D9247D2DD600A50673 /* pointRed@2x.png */,
				D4C010DA247D2DD600A50673 /* pointRed@3x.png */,
				D4936354247FCA5E0050FA64 /* Pet.swift */,
				01836851247EB08F008900CE /* PetTableViewController.swift */,
				D4ED5131246E7FCF006F8FE0 /* Localizable.strings */,
				D40205F0247F74FD00FF1898 /* FirstViewController.swift */,
				BF31117A2448088E0015FD94 /* Products */,
			);
			path = NoteApp;
			sourceTree = "<group>";
		};
		D4A9628D2484FC9E001D0594 /* image */ = {
			isa = PBXGroup;
			children = (
				D4A9628B2484FC84001D0594 /* dog-park-100.png */,
			);
			path = image;
			sourceTree = "<group>";
		};
		ED560A9C6644492210458275 /* Pods */ = {
			isa = PBXGroup;
			children = (
				622C8FD776E086C7281C9703 /* Pods-NoteApp.debug.xcconfig */,
				2A3AC010A7572A92FC65EAD8 /* Pods-NoteApp.release.xcconfig */,
			);
			path = Pods;
			sourceTree = "<group>";
		};
/* End PBXGroup section */

/* Begin PBXNativeTarget section */
		BF3111782448088E0015FD94 /* NoteApp */ = {
			isa = PBXNativeTarget;
			buildConfigurationList = BF31118D244808920015FD94 /* Build configuration list for PBXNativeTarget "NoteApp" */;
			buildPhases = (
				E24162FF2FC68D402439D186 /* [CP] Check Pods Manifest.lock */,
				BF3111752448088E0015FD94 /* Sources */,
				BF3111762448088E0015FD94 /* Frameworks */,
				BF3111772448088E0015FD94 /* Resources */,
				436D335B45546BE354353016 /* [CP] Embed Pods Frameworks */,
				D4CE4970247379110025F277 /* Run Script */,
			);
			buildRules = (
			);
			dependencies = (
			);
			name = NoteApp;
			productName = NoteApp;
			productReference = BF3111792448088E0015FD94 /* NoteApp.app */;
			productType = "com.apple.product-type.application";
		};
/* End PBXNativeTarget section */

/* Begin PBXProject section */
		BF3111712448088E0015FD94 /* Project object */ = {
			isa = PBXProject;
			attributes = {
				LastSwiftUpdateCheck = 1140;
				LastUpgradeCheck = 1140;
				ORGANIZATIONNAME = Frank;
				TargetAttributes = {
					BF3111782448088E0015FD94 = {
						CreatedOnToolsVersion = 11.4;
					};
				};
			};
			buildConfigurationList = BF3111742448088E0015FD94 /* Build configuration list for PBXProject "NoteApp" */;
			compatibilityVersion = "Xcode 9.3";
			developmentRegion = en;
			hasScannedForEncodings = 0;
			knownRegions = (
				en,
				Base,
				"zh-Hant",
			);
			mainGroup = BF3111702448088E0015FD94;
			productRefGroup = BF31117A2448088E0015FD94 /* Products */;
			projectDirPath = "";
			projectRoot = "";
			targets = (
				BF3111782448088E0015FD94 /* NoteApp */,
			);
		};
/* End PBXProject section */

/* Begin PBXResourcesBuildPhase section */
		BF3111772448088E0015FD94 /* Resources */ = {
			isa = PBXResourcesBuildPhase;
			buildActionMask = 2147483647;
			files = (
				D4A9628C2484FC85001D0594 /* dog-park-100.png in Resources */,
				D4ED512F246E7FCF006F8FE0 /* Localizable.strings in Resources */,
				D4C010DC247D2DD600A50673 /* pointRed@2x.png in Resources */,
				D4C010DB247D2DD600A50673 /* pointRed.png in Resources */,
				BF311189244808920015FD94 /* LaunchScreen.storyboard in Resources */,
				D4ED5129246E783F006F8FE0 /* InfoPlist.strings in Resources */,
				D4C010DD247D2DD600A50673 /* pointRed@3x.png in Resources */,
				011F2F832483861600E90A9B /* PieChartView.xib in Resources */,
				BF311186244808920015FD94 /* Assets.xcassets in Resources */,
				BF3111842448088E0015FD94 /* Main.storyboard in Resources */,
				D4CE496F247374060025F277 /* GoogleService-Info.plist in Resources */,
			);
			runOnlyForDeploymentPostprocessing = 0;
		};
/* End PBXResourcesBuildPhase section */

/* Begin PBXShellScriptBuildPhase section */
		436D335B45546BE354353016 /* [CP] Embed Pods Frameworks */ = {
			isa = PBXShellScriptBuildPhase;
			buildActionMask = 2147483647;
			files = (
			);
			inputFileListPaths = (
				"${PODS_ROOT}/Target Support Files/Pods-NoteApp/Pods-NoteApp-frameworks-${CONFIGURATION}-input-files.xcfilelist",
			);
			name = "[CP] Embed Pods Frameworks";
			outputFileListPaths = (
				"${PODS_ROOT}/Target Support Files/Pods-NoteApp/Pods-NoteApp-frameworks-${CONFIGURATION}-output-files.xcfilelist",
			);
			runOnlyForDeploymentPostprocessing = 0;
			shellPath = /bin/sh;
			shellScript = "\"${PODS_ROOT}/Target Support Files/Pods-NoteApp/Pods-NoteApp-frameworks.sh\"\n";
			showEnvVarsInLog = 0;
		};
		D4CE4970247379110025F277 /* Run Script */ = {
			isa = PBXShellScriptBuildPhase;
			buildActionMask = 8;
			files = (
			);
			inputFileListPaths = (
			);
			inputPaths = (
				"$(SRCROOT)/$(BUILT_PRODUCTS_DIR)/$(INFOPLIST_PATH)",
				"${DWARF_DSYM_FOLDER_PATH}/${DWARF_DSYM_FILE_NAME}/Contents/Resources/DWARF/${TARGET_NAME}",
			);
			name = "Run Script";
			outputFileListPaths = (
			);
			outputPaths = (
			);
			runOnlyForDeploymentPostprocessing = 1;
			shellPath = "\"${PODS_ROOT}/FirebaseCrashlytics/run\"";
			shellScript = "# Type a script or drag a script file from your workspace to insert its path.\n";
		};
		E24162FF2FC68D402439D186 /* [CP] Check Pods Manifest.lock */ = {
			isa = PBXShellScriptBuildPhase;
			buildActionMask = 2147483647;
			files = (
			);
			inputFileListPaths = (
			);
			inputPaths = (
				"${PODS_PODFILE_DIR_PATH}/Podfile.lock",
				"${PODS_ROOT}/Manifest.lock",
			);
			name = "[CP] Check Pods Manifest.lock";
			outputFileListPaths = (
			);
			outputPaths = (
				"$(DERIVED_FILE_DIR)/Pods-NoteApp-checkManifestLockResult.txt",
			);
			runOnlyForDeploymentPostprocessing = 0;
			shellPath = /bin/sh;
			shellScript = "diff \"${PODS_PODFILE_DIR_PATH}/Podfile.lock\" \"${PODS_ROOT}/Manifest.lock\" > /dev/null\nif [ $? != 0 ] ; then\n    # print error to STDERR\n    echo \"error: The sandbox is not in sync with the Podfile.lock. Run 'pod install' or update your CocoaPods installation.\" >&2\n    exit 1\nfi\n# This output is used by Xcode 'outputs' to avoid re-running this script phase.\necho \"SUCCESS\" > \"${SCRIPT_OUTPUT_FILE_0}\"\n";
			showEnvVarsInLog = 0;
		};
/* End PBXShellScriptBuildPhase section */

/* Begin PBXSourcesBuildPhase section */
		BF3111752448088E0015FD94 /* Sources */ = {
			isa = PBXSourcesBuildPhase;
			buildActionMask = 2147483647;
			files = (
				BF4D77C42457CDBB0052E461 /* NoteDataModel.xcdatamodeld in Sources */,
				BF31117D2448088E0015FD94 /* AppDelegate.swift in Sources */,
				D4FE0FAD247D2A85008C6A8A /* DispatchQueue+Once.swift in Sources */,
				BF4D77C62457D4250052E461 /* CoreDataHelper.swift in Sources */,
				BF31119324480A930015FD94 /* ListViewController.swift in Sources */,
				D40205F1247F74FD00FF1898 /* FirstViewController.swift in Sources */,
				011F2F812483860F00E90A9B /* PieChartView.swift in Sources */,
				BF373C272448206D0051387B /* Note.swift in Sources */,
				D4936355247FCA5E0050FA64 /* Pet.swift in Sources */,
				D4C010DF247D382C00A50673 /* EGImageAnnotionView.swift in Sources */,
				BF3F1EB4244953170016F99D /* NoteViewController.swift in Sources */,
				D4FE0FAB247D2A68008C6A8A /* MapViewController+LocationSupport.swift in Sources */,
				D4FE0FA9247D2A42008C6A8A /* MapViewController.swift in Sources */,
				BF3F1EB22449454A0016F99D /* NoteCell.swift in Sources */,
				01836852247EB08F008900CE /* PetTableViewController.swift in Sources */,
			);
			runOnlyForDeploymentPostprocessing = 0;
		};
/* End PBXSourcesBuildPhase section */

/* Begin PBXVariantGroup section */
		BF3111822448088E0015FD94 /* Main.storyboard */ = {
			isa = PBXVariantGroup;
			children = (
				BF3111832448088E0015FD94 /* Base */,
				D4ED5125246E74FF006F8FE0 /* zh-Hant */,
			);
			name = Main.storyboard;
			sourceTree = "<group>";
		};
		BF311187244808920015FD94 /* LaunchScreen.storyboard */ = {
			isa = PBXVariantGroup;
			children = (
				BF311188244808920015FD94 /* Base */,
				D4ED5126246E74FF006F8FE0 /* zh-Hant */,
			);
			name = LaunchScreen.storyboard;
			sourceTree = "<group>";
		};
		D4ED512B246E783F006F8FE0 /* InfoPlist.strings */ = {
			isa = PBXVariantGroup;
			children = (
				D4ED512A246E783F006F8FE0 /* en */,
				D4ED512C246E7867006F8FE0 /* zh-Hant */,
			);
			name = InfoPlist.strings;
			sourceTree = "<group>";
		};
		D4ED5131246E7FCF006F8FE0 /* Localizable.strings */ = {
			isa = PBXVariantGroup;
			children = (
				D4ED5130246E7FCF006F8FE0 /* en */,
				D4ED5132246E7FD3006F8FE0 /* zh-Hant */,
			);
			name = Localizable.strings;
			sourceTree = "<group>";
		};
/* End PBXVariantGroup section */

/* Begin XCBuildConfiguration section */
		BF31118B244808920015FD94 /* Debug */ = {
			isa = XCBuildConfiguration;
			buildSettings = {
				ALWAYS_SEARCH_USER_PATHS = NO;
				CLANG_ANALYZER_LOCALIZABILITY_NONLOCALIZED = YES;
				CLANG_ANALYZER_NONNULL = YES;
				CLANG_ANALYZER_NUMBER_OBJECT_CONVERSION = YES_AGGRESSIVE;
				CLANG_CXX_LANGUAGE_STANDARD = "gnu++14";
				CLANG_CXX_LIBRARY = "libc++";
				CLANG_ENABLE_MODULES = YES;
				CLANG_ENABLE_OBJC_ARC = YES;
				CLANG_ENABLE_OBJC_WEAK = YES;
				CLANG_WARN_BLOCK_CAPTURE_AUTORELEASING = YES;
				CLANG_WARN_BOOL_CONVERSION = YES;
				CLANG_WARN_COMMA = YES;
				CLANG_WARN_CONSTANT_CONVERSION = YES;
				CLANG_WARN_DEPRECATED_OBJC_IMPLEMENTATIONS = YES;
				CLANG_WARN_DIRECT_OBJC_ISA_USAGE = YES_ERROR;
				CLANG_WARN_DOCUMENTATION_COMMENTS = YES;
				CLANG_WARN_EMPTY_BODY = YES;
				CLANG_WARN_ENUM_CONVERSION = YES;
				CLANG_WARN_INFINITE_RECURSION = YES;
				CLANG_WARN_INT_CONVERSION = YES;
				CLANG_WARN_NON_LITERAL_NULL_CONVERSION = YES;
				CLANG_WARN_OBJC_IMPLICIT_RETAIN_SELF = YES;
				CLANG_WARN_OBJC_LITERAL_CONVERSION = YES;
				CLANG_WARN_OBJC_ROOT_CLASS = YES_ERROR;
				CLANG_WARN_RANGE_LOOP_ANALYSIS = YES;
				CLANG_WARN_STRICT_PROTOTYPES = YES;
				CLANG_WARN_SUSPICIOUS_MOVE = YES;
				CLANG_WARN_UNGUARDED_AVAILABILITY = YES_AGGRESSIVE;
				CLANG_WARN_UNREACHABLE_CODE = YES;
				CLANG_WARN__DUPLICATE_METHOD_MATCH = YES;
				COPY_PHASE_STRIP = NO;
				DEBUG_INFORMATION_FORMAT = dwarf;
				ENABLE_STRICT_OBJC_MSGSEND = YES;
				ENABLE_TESTABILITY = YES;
				GCC_C_LANGUAGE_STANDARD = gnu11;
				GCC_DYNAMIC_NO_PIC = NO;
				GCC_NO_COMMON_BLOCKS = YES;
				GCC_OPTIMIZATION_LEVEL = 0;
				GCC_PREPROCESSOR_DEFINITIONS = (
					"DEBUG=1",
					"$(inherited)",
				);
				GCC_WARN_64_TO_32_BIT_CONVERSION = YES;
				GCC_WARN_ABOUT_RETURN_TYPE = YES_ERROR;
				GCC_WARN_UNDECLARED_SELECTOR = YES;
				GCC_WARN_UNINITIALIZED_AUTOS = YES_AGGRESSIVE;
				GCC_WARN_UNUSED_FUNCTION = YES;
				GCC_WARN_UNUSED_VARIABLE = YES;
				IPHONEOS_DEPLOYMENT_TARGET = 13.2;
				MTL_ENABLE_DEBUG_INFO = INCLUDE_SOURCE;
				MTL_FAST_MATH = YES;
				ONLY_ACTIVE_ARCH = YES;
				SDKROOT = iphoneos;
				SWIFT_ACTIVE_COMPILATION_CONDITIONS = DEBUG;
				SWIFT_OPTIMIZATION_LEVEL = "-Onone";
			};
			name = Debug;
		};
		BF31118C244808920015FD94 /* Release */ = {
			isa = XCBuildConfiguration;
			buildSettings = {
				ALWAYS_SEARCH_USER_PATHS = NO;
				CLANG_ANALYZER_LOCALIZABILITY_NONLOCALIZED = YES;
				CLANG_ANALYZER_NONNULL = YES;
				CLANG_ANALYZER_NUMBER_OBJECT_CONVERSION = YES_AGGRESSIVE;
				CLANG_CXX_LANGUAGE_STANDARD = "gnu++14";
				CLANG_CXX_LIBRARY = "libc++";
				CLANG_ENABLE_MODULES = YES;
				CLANG_ENABLE_OBJC_ARC = YES;
				CLANG_ENABLE_OBJC_WEAK = YES;
				CLANG_WARN_BLOCK_CAPTURE_AUTORELEASING = YES;
				CLANG_WARN_BOOL_CONVERSION = YES;
				CLANG_WARN_COMMA = YES;
				CLANG_WARN_CONSTANT_CONVERSION = YES;
				CLANG_WARN_DEPRECATED_OBJC_IMPLEMENTATIONS = YES;
				CLANG_WARN_DIRECT_OBJC_ISA_USAGE = YES_ERROR;
				CLANG_WARN_DOCUMENTATION_COMMENTS = YES;
				CLANG_WARN_EMPTY_BODY = YES;
				CLANG_WARN_ENUM_CONVERSION = YES;
				CLANG_WARN_INFINITE_RECURSION = YES;
				CLANG_WARN_INT_CONVERSION = YES;
				CLANG_WARN_NON_LITERAL_NULL_CONVERSION = YES;
				CLANG_WARN_OBJC_IMPLICIT_RETAIN_SELF = YES;
				CLANG_WARN_OBJC_LITERAL_CONVERSION = YES;
				CLANG_WARN_OBJC_ROOT_CLASS = YES_ERROR;
				CLANG_WARN_RANGE_LOOP_ANALYSIS = YES;
				CLANG_WARN_STRICT_PROTOTYPES = YES;
				CLANG_WARN_SUSPICIOUS_MOVE = YES;
				CLANG_WARN_UNGUARDED_AVAILABILITY = YES_AGGRESSIVE;
				CLANG_WARN_UNREACHABLE_CODE = YES;
				CLANG_WARN__DUPLICATE_METHOD_MATCH = YES;
				COPY_PHASE_STRIP = NO;
				DEBUG_INFORMATION_FORMAT = "dwarf-with-dsym";
				ENABLE_NS_ASSERTIONS = NO;
				ENABLE_STRICT_OBJC_MSGSEND = YES;
				GCC_C_LANGUAGE_STANDARD = gnu11;
				GCC_NO_COMMON_BLOCKS = YES;
				GCC_WARN_64_TO_32_BIT_CONVERSION = YES;
				GCC_WARN_ABOUT_RETURN_TYPE = YES_ERROR;
				GCC_WARN_UNDECLARED_SELECTOR = YES;
				GCC_WARN_UNINITIALIZED_AUTOS = YES_AGGRESSIVE;
				GCC_WARN_UNUSED_FUNCTION = YES;
				GCC_WARN_UNUSED_VARIABLE = YES;
				IPHONEOS_DEPLOYMENT_TARGET = 13.2;
				MTL_ENABLE_DEBUG_INFO = NO;
				MTL_FAST_MATH = YES;
				SDKROOT = iphoneos;
				SWIFT_COMPILATION_MODE = wholemodule;
				SWIFT_OPTIMIZATION_LEVEL = "-O";
				VALIDATE_PRODUCT = YES;
			};
			name = Release;
		};
		BF31118E244808920015FD94 /* Debug */ = {
			isa = XCBuildConfiguration;
			baseConfigurationReference = 622C8FD776E086C7281C9703 /* Pods-NoteApp.debug.xcconfig */;
			buildSettings = {
				ASSETCATALOG_COMPILER_APPICON_NAME = AppIcon;
				CODE_SIGN_STYLE = Automatic;
				DEBUG_INFORMATION_FORMAT = "dwarf-with-dsym";
				DEVELOPMENT_TEAM = YLG64CYQAF;
				INFOPLIST_FILE = NoteApp/Info.plist;
				IPHONEOS_DEPLOYMENT_TARGET = 13.0;
				LD_RUNPATH_SEARCH_PATHS = (
					"$(inherited)",
					"@executable_path/Frameworks",
				);
				PRODUCT_BUNDLE_IDENTIFIER = org.iiiedu.lab.NoteApp10;
				PRODUCT_NAME = "$(TARGET_NAME)";
				SWIFT_VERSION = 5.0;
				TARGETED_DEVICE_FAMILY = "1,2";
			};
			name = Debug;
		};
		BF31118F244808920015FD94 /* Release */ = {
			isa = XCBuildConfiguration;
			baseConfigurationReference = 2A3AC010A7572A92FC65EAD8 /* Pods-NoteApp.release.xcconfig */;
			buildSettings = {
				ASSETCATALOG_COMPILER_APPICON_NAME = AppIcon;
				CODE_SIGN_STYLE = Automatic;
				DEVELOPMENT_TEAM = YLG64CYQAF;
				INFOPLIST_FILE = NoteApp/Info.plist;
				IPHONEOS_DEPLOYMENT_TARGET = 13.0;
				LD_RUNPATH_SEARCH_PATHS = (
					"$(inherited)",
					"@executable_path/Frameworks",
				);
				PRODUCT_BUNDLE_IDENTIFIER = org.iiiedu.lab.NoteApp10;
				PRODUCT_NAME = "$(TARGET_NAME)";
				SWIFT_VERSION = 5.0;
				TARGETED_DEVICE_FAMILY = "1,2";
			};
			name = Release;
		};
/* End XCBuildConfiguration section */

/* Begin XCConfigurationList section */
		BF3111742448088E0015FD94 /* Build configuration list for PBXProject "NoteApp" */ = {
			isa = XCConfigurationList;
			buildConfigurations = (
				BF31118B244808920015FD94 /* Debug */,
				BF31118C244808920015FD94 /* Release */,
			);
			defaultConfigurationIsVisible = 0;
			defaultConfigurationName = Release;
		};
		BF31118D244808920015FD94 /* Build configuration list for PBXNativeTarget "NoteApp" */ = {
			isa = XCConfigurationList;
			buildConfigurations = (
				BF31118E244808920015FD94 /* Debug */,
				BF31118F244808920015FD94 /* Release */,
			);
			defaultConfigurationIsVisible = 0;
			defaultConfigurationName = Release;
		};
/* End XCConfigurationList section */

/* Begin XCVersionGroup section */
		BF4D77C22457CDBB0052E461 /* NoteDataModel.xcdatamodeld */ = {
			isa = XCVersionGroup;
			children = (
				BF4D77C72457FF0C0052E461 /* 2.0.xcdatamodel */,
				BF4D77C32457CDBB0052E461 /* NoteDataModel.xcdatamodel */,
			);
			currentVersion = BF4D77C72457FF0C0052E461 /* 2.0.xcdatamodel */;
			path = NoteDataModel.xcdatamodeld;
			sourceTree = "<group>";
			versionGroupType = wrapper.xcdatamodel;
		};
/* End XCVersionGroup section */
	};
	rootObject = BF3111712448088E0015FD94 /* Project object */;
}
