// !$*UTF8*$!
{
	archiveVersion = 1;
	classes = {
	};
	objectVersion = 51;
	objects = {

/* Begin PBXBuildFile section */
		010EDD7B24913CF900AC6775 /* crayon_1-1.ttf in Resources */ = {isa = PBXBuildFile; fileRef = 010EDD7A24913CF800AC6775 /* crayon_1-1.ttf */; };
		010EDD7C24913CF900AC6775 /* crayon_1-1.ttf in Resources */ = {isa = PBXBuildFile; fileRef = 010EDD7A24913CF800AC6775 /* crayon_1-1.ttf */; };
		010EDD8224923D8C00AC6775 /* 512.png in Resources */ = {isa = PBXBuildFile; fileRef = 010EDD8124923D8C00AC6775 /* 512.png */; };
		010EDD8324923D8C00AC6775 /* 512.png in Resources */ = {isa = PBXBuildFile; fileRef = 010EDD8124923D8C00AC6775 /* 512.png */; };
		011F2F812483860F00E90A9B /* PieChartView.swift in Sources */ = {isa = PBXBuildFile; fileRef = 011F2F802483860F00E90A9B /* PieChartView.swift */; };
		011F2F832483861600E90A9B /* PieChartView.xib in Resources */ = {isa = PBXBuildFile; fileRef = 011F2F822483861600E90A9B /* PieChartView.xib */; };
		013994FA248CE55B001A3619 /* dog-tags-military.png in Resources */ = {isa = PBXBuildFile; fileRef = 013994F9248CE55A001A3619 /* dog-tags-military.png */; };
		016332A424A2510400012792 /* cat-2489845_640.jpg in Resources */ = {isa = PBXBuildFile; fileRef = 016332A324A2510300012792 /* cat-2489845_640.jpg */; };
		017F45CD24A9CB33007121AE /* CollectionViewCell.swift in Sources */ = {isa = PBXBuildFile; fileRef = 017F45CC24A9CB33007121AE /* CollectionViewCell.swift */; };
		017F45CF24A9DA15007121AE /* WeatherManager.swift in Sources */ = {isa = PBXBuildFile; fileRef = 017F45CE24A9DA15007121AE /* WeatherManager.swift */; };
		017F45D024A9DA15007121AE /* WeatherManager.swift in Sources */ = {isa = PBXBuildFile; fileRef = 017F45CE24A9DA15007121AE /* WeatherManager.swift */; };
		017F45D224A9DBA4007121AE /* WeatherViewController.swift in Sources */ = {isa = PBXBuildFile; fileRef = 017F45D124A9DBA4007121AE /* WeatherViewController.swift */; };
		017F45D324A9DBA4007121AE /* WeatherViewController.swift in Sources */ = {isa = PBXBuildFile; fileRef = 017F45D124A9DBA4007121AE /* WeatherViewController.swift */; };
		017F45D524A9E590007121AE /* WeatherData.swift in Sources */ = {isa = PBXBuildFile; fileRef = 017F45D424A9E590007121AE /* WeatherData.swift */; };
		017F45D624A9E590007121AE /* WeatherData.swift in Sources */ = {isa = PBXBuildFile; fileRef = 017F45D424A9E590007121AE /* WeatherData.swift */; };
		017F45D824A9EA45007121AE /* weatherModel.swift in Sources */ = {isa = PBXBuildFile; fileRef = 017F45D724A9EA45007121AE /* weatherModel.swift */; };
		017F45D924A9EA45007121AE /* weatherModel.swift in Sources */ = {isa = PBXBuildFile; fileRef = 017F45D724A9EA45007121AE /* weatherModel.swift */; };
		01836852247EB08F008900CE /* PetTableViewController.swift in Sources */ = {isa = PBXBuildFile; fileRef = 01836851247EB08F008900CE /* PetTableViewController.swift */; };
		4493867CA496BC4F2DC50F20 /* Pods_NoteApp.framework in Frameworks */ = {isa = PBXBuildFile; fileRef = EAFD1F87DE519514B6CC5476 /* Pods_NoteApp.framework */; };
		BF31117D2448088E0015FD94 /* AppDelegate.swift in Sources */ = {isa = PBXBuildFile; fileRef = BF31117C2448088E0015FD94 /* AppDelegate.swift */; };
		BF3111842448088E0015FD94 /* Main.storyboard in Resources */ = {isa = PBXBuildFile; fileRef = BF3111822448088E0015FD94 /* Main.storyboard */; };
		BF311186244808920015FD94 /* Assets.xcassets in Resources */ = {isa = PBXBuildFile; fileRef = BF311185244808920015FD94 /* Assets.xcassets */; };
		BF311189244808920015FD94 /* LaunchScreen.storyboard in Resources */ = {isa = PBXBuildFile; fileRef = BF311187244808920015FD94 /* LaunchScreen.storyboard */; };
		BF31119324480A930015FD94 /* ListViewController.swift in Sources */ = {isa = PBXBuildFile; fileRef = BF31119224480A930015FD94 /* ListViewController.swift */; };
		BF373C272448206D0051387B /* Note.swift in Sources */ = {isa = PBXBuildFile; fileRef = BF373C262448206D0051387B /* Note.swift */; };
		BF3F1EB22449454A0016F99D /* NoteCell.swift in Sources */ = {isa = PBXBuildFile; fileRef = BF3F1EB12449454A0016F99D /* NoteCell.swift */; };
		BF3F1EB4244953170016F99D /* NoteViewController.swift in Sources */ = {isa = PBXBuildFile; fileRef = BF3F1EB3244953170016F99D /* NoteViewController.swift */; };
		BF4D77C42457CDBB0052E461 /* NoteDataModel.xcdatamodeld in Sources */ = {isa = PBXBuildFile; fileRef = BF4D77C22457CDBB0052E461 /* NoteDataModel.xcdatamodeld */; };
		BF4D77C62457D4250052E461 /* CoreDataHelper.swift in Sources */ = {isa = PBXBuildFile; fileRef = BF4D77C52457D4250052E461 /* CoreDataHelper.swift */; };
		D40205F1247F74FD00FF1898 /* FirstViewController.swift in Sources */ = {isa = PBXBuildFile; fileRef = D40205F0247F74FD00FF1898 /* FirstViewController.swift */; };
		D4658492249B5F66007809A5 /* dog-647528_640.jpg in Resources */ = {isa = PBXBuildFile; fileRef = D4658491249B5F66007809A5 /* dog-647528_640.jpg */; };
		D4658493249B5F66007809A5 /* dog-647528_640.jpg in Resources */ = {isa = PBXBuildFile; fileRef = D4658491249B5F66007809A5 /* dog-647528_640.jpg */; };
		D465849B249B658A007809A5 /* dog-3122494_640.jpg in Resources */ = {isa = PBXBuildFile; fileRef = D465849A249B658A007809A5 /* dog-3122494_640.jpg */; };
		D465849C249B658A007809A5 /* dog-3122494_640.jpg in Resources */ = {isa = PBXBuildFile; fileRef = D465849A249B658A007809A5 /* dog-3122494_640.jpg */; };
		D465849E249B70BD007809A5 /* PetSearch.swift in Sources */ = {isa = PBXBuildFile; fileRef = D465849D249B70BD007809A5 /* PetSearch.swift */; };
		D46ED7C1248F2D7F00D5595A /* Camera.swift in Sources */ = {isa = PBXBuildFile; fileRef = D46ED7C0248F2D7F00D5595A /* Camera.swift */; };
		D484A6BE249B145A00369D49 /* GoogleMapVC.swift in Sources */ = {isa = PBXBuildFile; fileRef = D484A6BD249B145A00369D49 /* GoogleMapVC.swift */; };
		D4936355247FCA5E0050FA64 /* Pet.swift in Sources */ = {isa = PBXBuildFile; fileRef = D4936354247FCA5E0050FA64 /* Pet.swift */; };
		D4A9628C2484FC85001D0594 /* dog-park-100.png in Resources */ = {isa = PBXBuildFile; fileRef = D4A9628B2484FC84001D0594 /* dog-park-100.png */; };
		D4AEC39D2488D0C40063BCC8 /* FSCalendarViewController.swift in Sources */ = {isa = PBXBuildFile; fileRef = D4AEC39C2488D0C40063BCC8 /* FSCalendarViewController.swift */; };
		D4C010DB247D2DD600A50673 /* pointRed.png in Resources */ = {isa = PBXBuildFile; fileRef = D4C010D8247D2DD500A50673 /* pointRed.png */; };
		D4C010DC247D2DD600A50673 /* pointRed@2x.png in Resources */ = {isa = PBXBuildFile; fileRef = D4C010D9247D2DD600A50673 /* pointRed@2x.png */; };
		D4C010DD247D2DD600A50673 /* pointRed@3x.png in Resources */ = {isa = PBXBuildFile; fileRef = D4C010DA247D2DD600A50673 /* pointRed@3x.png */; };
		D4C010DF247D382C00A50673 /* EGImageAnnotionView.swift in Sources */ = {isa = PBXBuildFile; fileRef = D4C010DE247D382C00A50673 /* EGImageAnnotionView.swift */; };
		D4CE496F247374060025F277 /* GoogleService-Info.plist in Resources */ = {isa = PBXBuildFile; fileRef = D4CE496E247374060025F277 /* GoogleService-Info.plist */; };
		D4DF65C924889C33005D0051 /* NotificationCenter.framework in Frameworks */ = {isa = PBXBuildFile; fileRef = D4DF65C824889C33005D0051 /* NotificationCenter.framework */; };
		D4DF65CC24889C33005D0051 /* TodayViewController.swift in Sources */ = {isa = PBXBuildFile; fileRef = D4DF65CB24889C33005D0051 /* TodayViewController.swift */; };
		D4DF65CF24889C33005D0051 /* MainInterface.storyboard in Resources */ = {isa = PBXBuildFile; fileRef = D4DF65CD24889C33005D0051 /* MainInterface.storyboard */; };
		D4DF65D324889C33005D0051 /* PetWidget.appex in Embed App Extensions */ = {isa = PBXBuildFile; fileRef = D4DF65C724889C33005D0051 /* PetWidget.appex */; settings = {ATTRIBUTES = (RemoveHeadersOnCopy, ); }; };
		D4ED5129246E783F006F8FE0 /* InfoPlist.strings in Resources */ = {isa = PBXBuildFile; fileRef = D4ED512B246E783F006F8FE0 /* InfoPlist.strings */; };
		D4ED512F246E7FCF006F8FE0 /* Localizable.strings in Resources */ = {isa = PBXBuildFile; fileRef = D4ED5131246E7FCF006F8FE0 /* Localizable.strings */; };
		D4FE0FA9247D2A42008C6A8A /* MapViewController.swift in Sources */ = {isa = PBXBuildFile; fileRef = D4FE0FA8247D2A42008C6A8A /* MapViewController.swift */; };
		D4FE0FAB247D2A68008C6A8A /* MapViewController+LocationSupport.swift in Sources */ = {isa = PBXBuildFile; fileRef = D4FE0FAA247D2A68008C6A8A /* MapViewController+LocationSupport.swift */; };
		D4FE0FAD247D2A85008C6A8A /* DispatchQueue+Once.swift in Sources */ = {isa = PBXBuildFile; fileRef = D4FE0FAC247D2A85008C6A8A /* DispatchQueue+Once.swift */; };
/* End PBXBuildFile section */

/* Begin PBXContainerItemProxy section */
		D4DF65D124889C33005D0051 /* PBXContainerItemProxy */ = {
			isa = PBXContainerItemProxy;
			containerPortal = BF3111712448088E0015FD94 /* Project object */;
			proxyType = 1;
			remoteGlobalIDString = D4DF65C624889C33005D0051;
			remoteInfo = PetWidget;
		};
/* End PBXContainerItemProxy section */

/* Begin PBXCopyFilesBuildPhase section */
		D4DF65D724889C33005D0051 /* Embed App Extensions */ = {
			isa = PBXCopyFilesBuildPhase;
			buildActionMask = 2147483647;
			dstPath = "";
			dstSubfolderSpec = 13;
			files = (
				D4DF65D324889C33005D0051 /* PetWidget.appex in Embed App Extensions */,
			);
			name = "Embed App Extensions";
			runOnlyForDeploymentPostprocessing = 0;
		};
/* End PBXCopyFilesBuildPhase section */

/* Begin PBXFileReference section */
		010EDD7A24913CF800AC6775 /* crayon_1-1.ttf */ = {isa = PBXFileReference; lastKnownFileType = file; path = "crayon_1-1.ttf"; sourceTree = "<group>"; };
		010EDD8124923D8C00AC6775 /* 512.png */ = {isa = PBXFileReference; lastKnownFileType = image.png; path = 512.png; sourceTree = "<group>"; };
		011F2F802483860F00E90A9B /* PieChartView.swift */ = {isa = PBXFileReference; fileEncoding = 4; lastKnownFileType = sourcecode.swift; path = PieChartView.swift; sourceTree = "<group>"; };
		011F2F822483861600E90A9B /* PieChartView.xib */ = {isa = PBXFileReference; fileEncoding = 4; lastKnownFileType = file.xib; path = PieChartView.xib; sourceTree = "<group>"; };
		013994F9248CE55A001A3619 /* dog-tags-military.png */ = {isa = PBXFileReference; lastKnownFileType = image.png; path = "dog-tags-military.png"; sourceTree = "<group>"; };
		016332A324A2510300012792 /* cat-2489845_640.jpg */ = {isa = PBXFileReference; lastKnownFileType = image.jpeg; path = "cat-2489845_640.jpg"; sourceTree = "<group>"; };
		017F45CC24A9CB33007121AE /* CollectionViewCell.swift */ = {isa = PBXFileReference; lastKnownFileType = sourcecode.swift; path = CollectionViewCell.swift; sourceTree = "<group>"; };
		017F45CE24A9DA15007121AE /* WeatherManager.swift */ = {isa = PBXFileReference; lastKnownFileType = sourcecode.swift; path = WeatherManager.swift; sourceTree = "<group>"; };
		017F45D124A9DBA4007121AE /* WeatherViewController.swift */ = {isa = PBXFileReference; lastKnownFileType = sourcecode.swift; path = WeatherViewController.swift; sourceTree = "<group>"; };
		017F45D424A9E590007121AE /* WeatherData.swift */ = {isa = PBXFileReference; lastKnownFileType = sourcecode.swift; path = WeatherData.swift; sourceTree = "<group>"; };
		017F45D724A9EA45007121AE /* weatherModel.swift */ = {isa = PBXFileReference; lastKnownFileType = sourcecode.swift; path = weatherModel.swift; sourceTree = "<group>"; };
		01836851247EB08F008900CE /* PetTableViewController.swift */ = {isa = PBXFileReference; lastKnownFileType = sourcecode.swift; path = PetTableViewController.swift; sourceTree = "<group>"; };
		181742C86D120D067F13A4FB /* Pods-NoteApp.debug.xcconfig */ = {isa = PBXFileReference; includeInIndex = 1; lastKnownFileType = text.xcconfig; name = "Pods-NoteApp.debug.xcconfig"; path = "Target Support Files/Pods-NoteApp/Pods-NoteApp.debug.xcconfig"; sourceTree = "<group>"; };
		B50FE9DC0EBE4EE5B7A4AFA1 /* Pods-NoteApp.release.xcconfig */ = {isa = PBXFileReference; includeInIndex = 1; lastKnownFileType = text.xcconfig; name = "Pods-NoteApp.release.xcconfig"; path = "Target Support Files/Pods-NoteApp/Pods-NoteApp.release.xcconfig"; sourceTree = "<group>"; };
		BF3111792448088E0015FD94 /* NoteApp.app */ = {isa = PBXFileReference; explicitFileType = wrapper.application; includeInIndex = 0; path = NoteApp.app; sourceTree = BUILT_PRODUCTS_DIR; };
		BF31117C2448088E0015FD94 /* AppDelegate.swift */ = {isa = PBXFileReference; lastKnownFileType = sourcecode.swift; path = AppDelegate.swift; sourceTree = "<group>"; };
		BF3111832448088E0015FD94 /* Base */ = {isa = PBXFileReference; lastKnownFileType = file.storyboard; name = Base; path = Base.lproj/Main.storyboard; sourceTree = "<group>"; };
		BF311185244808920015FD94 /* Assets.xcassets */ = {isa = PBXFileReference; lastKnownFileType = folder.assetcatalog; path = Assets.xcassets; sourceTree = "<group>"; };
		BF311188244808920015FD94 /* Base */ = {isa = PBXFileReference; lastKnownFileType = file.storyboard; name = Base; path = Base.lproj/LaunchScreen.storyboard; sourceTree = "<group>"; };
		BF31118A244808920015FD94 /* Info.plist */ = {isa = PBXFileReference; lastKnownFileType = text.plist.xml; path = Info.plist; sourceTree = "<group>"; };
		BF31119224480A930015FD94 /* ListViewController.swift */ = {isa = PBXFileReference; lastKnownFileType = sourcecode.swift; path = ListViewController.swift; sourceTree = "<group>"; };
		BF373C262448206D0051387B /* Note.swift */ = {isa = PBXFileReference; lastKnownFileType = sourcecode.swift; path = Note.swift; sourceTree = "<group>"; };
		BF3F1EB12449454A0016F99D /* NoteCell.swift */ = {isa = PBXFileReference; lastKnownFileType = sourcecode.swift; path = NoteCell.swift; sourceTree = "<group>"; };
		BF3F1EB3244953170016F99D /* NoteViewController.swift */ = {isa = PBXFileReference; lastKnownFileType = sourcecode.swift; path = NoteViewController.swift; sourceTree = "<group>"; };
		BF4D77C32457CDBB0052E461 /* NoteDataModel.xcdatamodel */ = {isa = PBXFileReference; lastKnownFileType = wrapper.xcdatamodel; path = NoteDataModel.xcdatamodel; sourceTree = "<group>"; };
		BF4D77C52457D4250052E461 /* CoreDataHelper.swift */ = {isa = PBXFileReference; fileEncoding = 4; lastKnownFileType = sourcecode.swift; path = CoreDataHelper.swift; sourceTree = "<group>"; };
		BF4D77C72457FF0C0052E461 /* 2.0.xcdatamodel */ = {isa = PBXFileReference; lastKnownFileType = wrapper.xcdatamodel; path = 2.0.xcdatamodel; sourceTree = "<group>"; };
		D40205F0247F74FD00FF1898 /* FirstViewController.swift */ = {isa = PBXFileReference; lastKnownFileType = sourcecode.swift; path = FirstViewController.swift; sourceTree = "<group>"; };
		D4658491249B5F66007809A5 /* dog-647528_640.jpg */ = {isa = PBXFileReference; lastKnownFileType = image.jpeg; path = "dog-647528_640.jpg"; sourceTree = "<group>"; };
		D465849A249B658A007809A5 /* dog-3122494_640.jpg */ = {isa = PBXFileReference; lastKnownFileType = image.jpeg; path = "dog-3122494_640.jpg"; sourceTree = "<group>"; };
		D465849D249B70BD007809A5 /* PetSearch.swift */ = {isa = PBXFileReference; lastKnownFileType = sourcecode.swift; path = PetSearch.swift; sourceTree = "<group>"; };
		D46ED7C0248F2D7F00D5595A /* Camera.swift */ = {isa = PBXFileReference; lastKnownFileType = sourcecode.swift; path = Camera.swift; sourceTree = "<group>"; };
		D484A6BD249B145A00369D49 /* GoogleMapVC.swift */ = {isa = PBXFileReference; lastKnownFileType = sourcecode.swift; path = GoogleMapVC.swift; sourceTree = "<group>"; };
		D4936354247FCA5E0050FA64 /* Pet.swift */ = {isa = PBXFileReference; lastKnownFileType = sourcecode.swift; path = Pet.swift; sourceTree = "<group>"; };
		D4A9628B2484FC84001D0594 /* dog-park-100.png */ = {isa = PBXFileReference; lastKnownFileType = image.png; path = "dog-park-100.png"; sourceTree = "<group>"; };
		D4AEC39C2488D0C40063BCC8 /* FSCalendarViewController.swift */ = {isa = PBXFileReference; lastKnownFileType = sourcecode.swift; path = FSCalendarViewController.swift; sourceTree = "<group>"; };
		D4B38DC72488BEE400A0798D /* PetWidget copy-Info.plist */ = {isa = PBXFileReference; lastKnownFileType = text.plist.xml; name = "PetWidget copy-Info.plist"; path = "/Users/student46/Desktop/PetNote/NoteApp 2/PetWidget copy-Info.plist"; sourceTree = "<absolute>"; };
		D4C010D8247D2DD500A50673 /* pointRed.png */ = {isa = PBXFileReference; lastKnownFileType = image.png; path = pointRed.png; sourceTree = "<group>"; };
		D4C010D9247D2DD600A50673 /* pointRed@2x.png */ = {isa = PBXFileReference; lastKnownFileType = image.png; path = "pointRed@2x.png"; sourceTree = "<group>"; };
		D4C010DA247D2DD600A50673 /* pointRed@3x.png */ = {isa = PBXFileReference; lastKnownFileType = image.png; path = "pointRed@3x.png"; sourceTree = "<group>"; };
		D4C010DE247D382C00A50673 /* EGImageAnnotionView.swift */ = {isa = PBXFileReference; fileEncoding = 4; lastKnownFileType = sourcecode.swift; path = EGImageAnnotionView.swift; sourceTree = "<group>"; };
		D4C2147F2488BBE200EC0D4F /* NoteApp.entitlements */ = {isa = PBXFileReference; lastKnownFileType = text.plist.entitlements; path = NoteApp.entitlements; sourceTree = "<group>"; };
		D4C214802488BC4E00EC0D4F /* PetWidget.entitlements */ = {isa = PBXFileReference; lastKnownFileType = text.plist.entitlements; path = PetWidget.entitlements; sourceTree = "<group>"; };
		D4CE496E247374060025F277 /* GoogleService-Info.plist */ = {isa = PBXFileReference; fileEncoding = 4; lastKnownFileType = text.plist.xml; path = "GoogleService-Info.plist"; sourceTree = "<group>"; };
		D4DF65C724889C33005D0051 /* PetWidget.appex */ = {isa = PBXFileReference; explicitFileType = "wrapper.app-extension"; includeInIndex = 0; path = PetWidget.appex; sourceTree = BUILT_PRODUCTS_DIR; };
		D4DF65C824889C33005D0051 /* NotificationCenter.framework */ = {isa = PBXFileReference; lastKnownFileType = wrapper.framework; name = NotificationCenter.framework; path = System/Library/Frameworks/NotificationCenter.framework; sourceTree = SDKROOT; };
		D4DF65CB24889C33005D0051 /* TodayViewController.swift */ = {isa = PBXFileReference; lastKnownFileType = sourcecode.swift; path = TodayViewController.swift; sourceTree = "<group>"; };
		D4DF65CE24889C33005D0051 /* Base */ = {isa = PBXFileReference; lastKnownFileType = file.storyboard; name = Base; path = Base.lproj/MainInterface.storyboard; sourceTree = "<group>"; };
		D4DF65D024889C33005D0051 /* Info.plist */ = {isa = PBXFileReference; lastKnownFileType = text.plist.xml; path = Info.plist; sourceTree = "<group>"; };
		D4ED5125246E74FF006F8FE0 /* zh-Hant */ = {isa = PBXFileReference; lastKnownFileType = text.plist.strings; name = "zh-Hant"; path = "zh-Hant.lproj/Main.strings"; sourceTree = "<group>"; };
		D4ED5126246E74FF006F8FE0 /* zh-Hant */ = {isa = PBXFileReference; lastKnownFileType = text.plist.strings; name = "zh-Hant"; path = "zh-Hant.lproj/LaunchScreen.strings"; sourceTree = "<group>"; };
		D4ED512A246E783F006F8FE0 /* en */ = {isa = PBXFileReference; lastKnownFileType = text.plist.strings; name = en; path = en.lproj/InfoPlist.strings; sourceTree = "<group>"; };
		D4ED512C246E7867006F8FE0 /* zh-Hant */ = {isa = PBXFileReference; lastKnownFileType = text.plist.strings; name = "zh-Hant"; path = "zh-Hant.lproj/InfoPlist.strings"; sourceTree = "<group>"; };
		D4ED5130246E7FCF006F8FE0 /* en */ = {isa = PBXFileReference; lastKnownFileType = text.plist.strings; name = en; path = en.lproj/Localizable.strings; sourceTree = "<group>"; };
		D4ED5132246E7FD3006F8FE0 /* zh-Hant */ = {isa = PBXFileReference; lastKnownFileType = text.plist.strings; name = "zh-Hant"; path = "zh-Hant.lproj/Localizable.strings"; sourceTree = "<group>"; };
		D4FE0FA8247D2A42008C6A8A /* MapViewController.swift */ = {isa = PBXFileReference; fileEncoding = 4; lastKnownFileType = sourcecode.swift; path = MapViewController.swift; sourceTree = "<group>"; };
		D4FE0FAA247D2A68008C6A8A /* MapViewController+LocationSupport.swift */ = {isa = PBXFileReference; fileEncoding = 4; lastKnownFileType = sourcecode.swift; path = "MapViewController+LocationSupport.swift"; sourceTree = "<group>"; };
		D4FE0FAC247D2A85008C6A8A /* DispatchQueue+Once.swift */ = {isa = PBXFileReference; fileEncoding = 4; lastKnownFileType = sourcecode.swift; path = "DispatchQueue+Once.swift"; sourceTree = "<group>"; };
		EAFD1F87DE519514B6CC5476 /* Pods_NoteApp.framework */ = {isa = PBXFileReference; explicitFileType = wrapper.framework; includeInIndex = 0; path = Pods_NoteApp.framework; sourceTree = BUILT_PRODUCTS_DIR; };
/* End PBXFileReference section */

/* Begin PBXFrameworksBuildPhase section */
		BF3111762448088E0015FD94 /* Frameworks */ = {
			isa = PBXFrameworksBuildPhase;
			buildActionMask = 2147483647;
			files = (
				4493867CA496BC4F2DC50F20 /* Pods_NoteApp.framework in Frameworks */,
			);
			runOnlyForDeploymentPostprocessing = 0;
		};
		D4DF65C424889C33005D0051 /* Frameworks */ = {
			isa = PBXFrameworksBuildPhase;
			buildActionMask = 2147483647;
			files = (
				D4DF65C924889C33005D0051 /* NotificationCenter.framework in Frameworks */,
			);
			runOnlyForDeploymentPostprocessing = 0;
		};
/* End PBXFrameworksBuildPhase section */

/* Begin PBXGroup section */
		010EDD7D24913E7D00AC6775 /* fonts */ = {
			isa = PBXGroup;
			children = (
				010EDD7A24913CF800AC6775 /* crayon_1-1.ttf */,
			);
			path = fonts;
			sourceTree = "<group>";
		};
		013994F7248A7D87001A3619 /* Note */ = {
			isa = PBXGroup;
			children = (
				BF31119224480A930015FD94 /* ListViewController.swift */,
				BF373C262448206D0051387B /* Note.swift */,
				BF3F1EB12449454A0016F99D /* NoteCell.swift */,
				BF3F1EB3244953170016F99D /* NoteViewController.swift */,
			);
			path = Note;
			sourceTree = "<group>";
		};
		013994F8248A7DA4001A3619 /* Map */ = {
			isa = PBXGroup;
			children = (
				D4C010DE247D382C00A50673 /* EGImageAnnotionView.swift */,
				D4FE0FA8247D2A42008C6A8A /* MapViewController.swift */,
				D4FE0FAA247D2A68008C6A8A /* MapViewController+LocationSupport.swift */,
				D4FE0FAC247D2A85008C6A8A /* DispatchQueue+Once.swift */,
				D4C010D8247D2DD500A50673 /* pointRed.png */,
				D4C010D9247D2DD600A50673 /* pointRed@2x.png */,
				D4C010DA247D2DD600A50673 /* pointRed@3x.png */,
			);
			path = Map;
			sourceTree = "<group>";
		};
		12530027D6ACC30B696E8134 /* Frameworks */ = {
			isa = PBXGroup;
			children = (
				D4DF65C824889C33005D0051 /* NotificationCenter.framework */,
				EAFD1F87DE519514B6CC5476 /* Pods_NoteApp.framework */,
			);
			name = Frameworks;
			sourceTree = "<group>";
		};
		BF3111702448088E0015FD94 = {
			isa = PBXGroup;
			children = (
				017F45D724A9EA45007121AE /* weatherModel.swift */,
				017F45D424A9E590007121AE /* WeatherData.swift */,
				017F45D124A9DBA4007121AE /* WeatherViewController.swift */,
				017F45CE24A9DA15007121AE /* WeatherManager.swift */,
				017F45CC24A9CB33007121AE /* CollectionViewCell.swift */,
				D46ED7C0248F2D7F00D5595A /* Camera.swift */,
				BF31117B2448088E0015FD94 /* NoteApp */,
				ED560A9C6644492210458275 /* Pods */,
				D4DF65CA24889C33005D0051 /* PetWidget */,
				12530027D6ACC30B696E8134 /* Frameworks */,
				D4B38DC72488BEE400A0798D /* PetWidget copy-Info.plist */,
			);
			sourceTree = "<group>";
		};
		BF31117A2448088E0015FD94 /* Products */ = {
			isa = PBXGroup;
			children = (
				BF3111792448088E0015FD94 /* NoteApp.app */,
				D4DF65C724889C33005D0051 /* PetWidget.appex */,
			);
			name = Products;
			path = ..;
			sourceTree = "<group>";
		};
		BF31117B2448088E0015FD94 /* NoteApp */ = {
			isa = PBXGroup;
			children = (
				D46584A0249B70CF007809A5 /* googleMap */,
				010EDD7D24913E7D00AC6775 /* fonts */,
				BF3111822448088E0015FD94 /* Main.storyboard */,
				013994F7248A7D87001A3619 /* Note */,
				D4C2147F2488BBE200EC0D4F /* NoteApp.entitlements */,
				D4A9628D2484FC9E001D0594 /* image */,
				011F2F822483861600E90A9B /* PieChartView.xib */,
				011F2F802483860F00E90A9B /* PieChartView.swift */,
				BF31117C2448088E0015FD94 /* AppDelegate.swift */,
				013994F8248A7DA4001A3619 /* Map */,
				BF311185244808920015FD94 /* Assets.xcassets */,
				BF311187244808920015FD94 /* LaunchScreen.storyboard */,
				D4AEC39C2488D0C40063BCC8 /* FSCalendarViewController.swift */,
				BF31118A244808920015FD94 /* Info.plist */,
				D4ED512B246E783F006F8FE0 /* InfoPlist.strings */,
				D4CE496E247374060025F277 /* GoogleService-Info.plist */,
				BF4D77C22457CDBB0052E461 /* NoteDataModel.xcdatamodeld */,
				BF4D77C52457D4250052E461 /* CoreDataHelper.swift */,
				D4936354247FCA5E0050FA64 /* Pet.swift */,
				01836851247EB08F008900CE /* PetTableViewController.swift */,
				D4ED5131246E7FCF006F8FE0 /* Localizable.strings */,
				D40205F0247F74FD00FF1898 /* FirstViewController.swift */,
				BF31117A2448088E0015FD94 /* Products */,
			);
			path = NoteApp;
			sourceTree = "<group>";
		};
		D46584A0249B70CF007809A5 /* googleMap */ = {
			isa = PBXGroup;
			children = (
				D465849D249B70BD007809A5 /* PetSearch.swift */,
				D484A6BD249B145A00369D49 /* GoogleMapVC.swift */,
			);
			path = googleMap;
			sourceTree = "<group>";
		};
		D4A9628D2484FC9E001D0594 /* image */ = {
			isa = PBXGroup;
			children = (
				016332A324A2510300012792 /* cat-2489845_640.jpg */,
				D465849A249B658A007809A5 /* dog-3122494_640.jpg */,
				D4658491249B5F66007809A5 /* dog-647528_640.jpg */,
				010EDD8124923D8C00AC6775 /* 512.png */,
				013994F9248CE55A001A3619 /* dog-tags-military.png */,
				D4A9628B2484FC84001D0594 /* dog-park-100.png */,
			);
			path = image;
			sourceTree = "<group>";
		};
		D4DF65CA24889C33005D0051 /* PetWidget */ = {
			isa = PBXGroup;
			children = (
				D4C214802488BC4E00EC0D4F /* PetWidget.entitlements */,
				D4DF65CB24889C33005D0051 /* TodayViewController.swift */,
				D4DF65CD24889C33005D0051 /* MainInterface.storyboard */,
				D4DF65D024889C33005D0051 /* Info.plist */,
			);
			path = PetWidget;
			sourceTree = "<group>";
		};
		ED560A9C6644492210458275 /* Pods */ = {
			isa = PBXGroup;
			children = (
				181742C86D120D067F13A4FB /* Pods-NoteApp.debug.xcconfig */,
				B50FE9DC0EBE4EE5B7A4AFA1 /* Pods-NoteApp.release.xcconfig */,
			);
			path = Pods;
			sourceTree = "<group>";
		};
/* End PBXGroup section */

/* Begin PBXNativeTarget section */
		BF3111782448088E0015FD94 /* NoteApp */ = {
			isa = PBXNativeTarget;
			buildConfigurationList = BF31118D244808920015FD94 /* Build configuration list for PBXNativeTarget "NoteApp" */;
			buildPhases = (
				0DF2813315A760D5EB3D0F4B /* [CP] Check Pods Manifest.lock */,
				BF3111752448088E0015FD94 /* Sources */,
				BF3111762448088E0015FD94 /* Frameworks */,
				BF3111772448088E0015FD94 /* Resources */,
				D4DF65D724889C33005D0051 /* Embed App Extensions */,
				66C4621BC74DADE031E5735A /* [CP] Embed Pods Frameworks */,
				4E4F1E8A31A353299FAEA29C /* [CP] Copy Pods Resources */,
			);
			buildRules = (
			);
			dependencies = (
				D4DF65D224889C33005D0051 /* PBXTargetDependency */,
			);
			name = NoteApp;
			productName = NoteApp;
			productReference = BF3111792448088E0015FD94 /* NoteApp.app */;
			productType = "com.apple.product-type.application";
		};
		D4DF65C624889C33005D0051 /* PetWidget */ = {
			isa = PBXNativeTarget;
			buildConfigurationList = D4DF65D424889C33005D0051 /* Build configuration list for PBXNativeTarget "PetWidget" */;
			buildPhases = (
				D4DF65C324889C33005D0051 /* Sources */,
				D4DF65C424889C33005D0051 /* Frameworks */,
				D4DF65C524889C33005D0051 /* Resources */,
			);
			buildRules = (
			);
			dependencies = (
			);
			name = PetWidget;
			productName = PetWidget;
			productReference = D4DF65C724889C33005D0051 /* PetWidget.appex */;
			productType = "com.apple.product-type.app-extension";
		};
/* End PBXNativeTarget section */

/* Begin PBXProject section */
		BF3111712448088E0015FD94 /* Project object */ = {
			isa = PBXProject;
			attributes = {
				LastSwiftUpdateCheck = 1140;
				LastUpgradeCheck = 1140;
				ORGANIZATIONNAME = Frank;
				TargetAttributes = {
					BF3111782448088E0015FD94 = {
						CreatedOnToolsVersion = 11.4;
					};
					D4DF65C624889C33005D0051 = {
						CreatedOnToolsVersion = 11.4.1;
					};
				};
			};
			buildConfigurationList = BF3111742448088E0015FD94 /* Build configuration list for PBXProject "NoteApp" */;
			compatibilityVersion = "Xcode 9.3";
			developmentRegion = en;
			hasScannedForEncodings = 0;
			knownRegions = (
				en,
				Base,
				"zh-Hant",
			);
			mainGroup = BF3111702448088E0015FD94;
			productRefGroup = BF31117A2448088E0015FD94 /* Products */;
			projectDirPath = "";
			projectRoot = "";
			targets = (
				BF3111782448088E0015FD94 /* NoteApp */,
				D4DF65C624889C33005D0051 /* PetWidget */,
			);
		};
/* End PBXProject section */

/* Begin PBXResourcesBuildPhase section */
		BF3111772448088E0015FD94 /* Resources */ = {
			isa = PBXResourcesBuildPhase;
			buildActionMask = 2147483647;
			files = (
				D4A9628C2484FC85001D0594 /* dog-park-100.png in Resources */,
				D4658492249B5F66007809A5 /* dog-647528_640.jpg in Resources */,
				D4ED512F246E7FCF006F8FE0 /* Localizable.strings in Resources */,
				D4C010DC247D2DD600A50673 /* pointRed@2x.png in Resources */,
				D4C010DB247D2DD600A50673 /* pointRed.png in Resources */,
				BF311189244808920015FD94 /* LaunchScreen.storyboard in Resources */,
				010EDD8224923D8C00AC6775 /* 512.png in Resources */,
				010EDD7B24913CF900AC6775 /* crayon_1-1.ttf in Resources */,
				D4ED5129246E783F006F8FE0 /* InfoPlist.strings in Resources */,
				D4C010DD247D2DD600A50673 /* pointRed@3x.png in Resources */,
				011F2F832483861600E90A9B /* PieChartView.xib in Resources */,
				D465849B249B658A007809A5 /* dog-3122494_640.jpg in Resources */,
				BF311186244808920015FD94 /* Assets.xcassets in Resources */,
				BF3111842448088E0015FD94 /* Main.storyboard in Resources */,
				016332A424A2510400012792 /* cat-2489845_640.jpg in Resources */,
				013994FA248CE55B001A3619 /* dog-tags-military.png in Resources */,
				D4CE496F247374060025F277 /* GoogleService-Info.plist in Resources */,
			);
			runOnlyForDeploymentPostprocessing = 0;
		};
		D4DF65C524889C33005D0051 /* Resources */ = {
			isa = PBXResourcesBuildPhase;
			buildActionMask = 2147483647;
			files = (
				010EDD7C24913CF900AC6775 /* crayon_1-1.ttf in Resources */,
				D4658493249B5F66007809A5 /* dog-647528_640.jpg in Resources */,
				010EDD8324923D8C00AC6775 /* 512.png in Resources */,
				D465849C249B658A007809A5 /* dog-3122494_640.jpg in Resources */,
				D4DF65CF24889C33005D0051 /* MainInterface.storyboard in Resources */,
			);
			runOnlyForDeploymentPostprocessing = 0;
		};
/* End PBXResourcesBuildPhase section */

/* Begin PBXShellScriptBuildPhase section */
		0DF2813315A760D5EB3D0F4B /* [CP] Check Pods Manifest.lock */ = {
			isa = PBXShellScriptBuildPhase;
			buildActionMask = 2147483647;
			files = (
			);
			inputFileListPaths = (
			);
			inputPaths = (
				"${PODS_PODFILE_DIR_PATH}/Podfile.lock",
				"${PODS_ROOT}/Manifest.lock",
			);
			name = "[CP] Check Pods Manifest.lock";
			outputFileListPaths = (
			);
			outputPaths = (
				"$(DERIVED_FILE_DIR)/Pods-NoteApp-checkManifestLockResult.txt",
			);
			runOnlyForDeploymentPostprocessing = 0;
			shellPath = /bin/sh;
			shellScript = "diff \"${PODS_PODFILE_DIR_PATH}/Podfile.lock\" \"${PODS_ROOT}/Manifest.lock\" > /dev/null\nif [ $? != 0 ] ; then\n    # print error to STDERR\n    echo \"error: The sandbox is not in sync with the Podfile.lock. Run 'pod install' or update your CocoaPods installation.\" >&2\n    exit 1\nfi\n# This output is used by Xcode 'outputs' to avoid re-running this script phase.\necho \"SUCCESS\" > \"${SCRIPT_OUTPUT_FILE_0}\"\n";
			showEnvVarsInLog = 0;
		};
		4E4F1E8A31A353299FAEA29C /* [CP] Copy Pods Resources */ = {
			isa = PBXShellScriptBuildPhase;
			buildActionMask = 2147483647;
			files = (
			);
			inputFileListPaths = (
				"${PODS_ROOT}/Target Support Files/Pods-NoteApp/Pods-NoteApp-resources-${CONFIGURATION}-input-files.xcfilelist",
			);
			name = "[CP] Copy Pods Resources";
			outputFileListPaths = (
				"${PODS_ROOT}/Target Support Files/Pods-NoteApp/Pods-NoteApp-resources-${CONFIGURATION}-output-files.xcfilelist",
			);
			runOnlyForDeploymentPostprocessing = 0;
			shellPath = /bin/sh;
			shellScript = "\"${PODS_ROOT}/Target Support Files/Pods-NoteApp/Pods-NoteApp-resources.sh\"\n";
			showEnvVarsInLog = 0;
		};
		66C4621BC74DADE031E5735A /* [CP] Embed Pods Frameworks */ = {
			isa = PBXShellScriptBuildPhase;
			buildActionMask = 2147483647;
			files = (
			);
			inputFileListPaths = (
				"${PODS_ROOT}/Target Support Files/Pods-NoteApp/Pods-NoteApp-frameworks-${CONFIGURATION}-input-files.xcfilelist",
			);
			name = "[CP] Embed Pods Frameworks";
			outputFileListPaths = (
				"${PODS_ROOT}/Target Support Files/Pods-NoteApp/Pods-NoteApp-frameworks-${CONFIGURATION}-output-files.xcfilelist",
			);
			runOnlyForDeploymentPostprocessing = 0;
			shellPath = /bin/sh;
			shellScript = "\"${PODS_ROOT}/Target Support Files/Pods-NoteApp/Pods-NoteApp-frameworks.sh\"\n";
			showEnvVarsInLog = 0;
		};
/* End PBXShellScriptBuildPhase section */

/* Begin PBXSourcesBuildPhase section */
		BF3111752448088E0015FD94 /* Sources */ = {
			isa = PBXSourcesBuildPhase;
			buildActionMask = 2147483647;
			files = (
				BF4D77C42457CDBB0052E461 /* NoteDataModel.xcdatamodeld in Sources */,
				BF31117D2448088E0015FD94 /* AppDelegate.swift in Sources */,
				D4FE0FAD247D2A85008C6A8A /* DispatchQueue+Once.swift in Sources */,
				017F45CF24A9DA15007121AE /* WeatherManager.swift in Sources */,
				BF4D77C62457D4250052E461 /* CoreDataHelper.swift in Sources */,
				BF31119324480A930015FD94 /* ListViewController.swift in Sources */,
				D40205F1247F74FD00FF1898 /* FirstViewController.swift in Sources */,
				D46ED7C1248F2D7F00D5595A /* Camera.swift in Sources */,
				011F2F812483860F00E90A9B /* PieChartView.swift in Sources */,
				BF373C272448206D0051387B /* Note.swift in Sources */,
				D4936355247FCA5E0050FA64 /* Pet.swift in Sources */,
				017F45CD24A9CB33007121AE /* CollectionViewCell.swift in Sources */,
				017F45D524A9E590007121AE /* WeatherData.swift in Sources */,
				D4C010DF247D382C00A50673 /* EGImageAnnotionView.swift in Sources */,
				BF3F1EB4244953170016F99D /* NoteViewController.swift in Sources */,
				D4AEC39D2488D0C40063BCC8 /* FSCalendarViewController.swift in Sources */,
				D465849E249B70BD007809A5 /* PetSearch.swift in Sources */,
				D4FE0FAB247D2A68008C6A8A /* MapViewController+LocationSupport.swift in Sources */,
				D484A6BE249B145A00369D49 /* GoogleMapVC.swift in Sources */,
				D4FE0FA9247D2A42008C6A8A /* MapViewController.swift in Sources */,
				BF3F1EB22449454A0016F99D /* NoteCell.swift in Sources */,
				01836852247EB08F008900CE /* PetTableViewController.swift in Sources */,
				017F45D824A9EA45007121AE /* weatherModel.swift in Sources */,
				017F45D224A9DBA4007121AE /* WeatherViewController.swift in Sources */,
			);
			runOnlyForDeploymentPostprocessing = 0;
		};
		D4DF65C324889C33005D0051 /* Sources */ = {
			isa = PBXSourcesBuildPhase;
			buildActionMask = 2147483647;
			files = (
				017F45D024A9DA15007121AE /* WeatherManager.swift in Sources */,
				017F45D324A9DBA4007121AE /* WeatherViewController.swift in Sources */,
				017F45D624A9E590007121AE /* WeatherData.swift in Sources */,
				D4DF65CC24889C33005D0051 /* TodayViewController.swift in Sources */,
				017F45D924A9EA45007121AE /* weatherModel.swift in Sources */,
			);
			runOnlyForDeploymentPostprocessing = 0;
		};
/* End PBXSourcesBuildPhase section */

/* Begin PBXTargetDependency section */
		D4DF65D224889C33005D0051 /* PBXTargetDependency */ = {
			isa = PBXTargetDependency;
			target = D4DF65C624889C33005D0051 /* PetWidget */;
			targetProxy = D4DF65D124889C33005D0051 /* PBXContainerItemProxy */;
		};
/* End PBXTargetDependency section */

/* Begin PBXVariantGroup section */
		BF3111822448088E0015FD94 /* Main.storyboard */ = {
			isa = PBXVariantGroup;
			children = (
				BF3111832448088E0015FD94 /* Base */,
				D4ED5125246E74FF006F8FE0 /* zh-Hant */,
			);
			name = Main.storyboard;
			sourceTree = "<group>";
		};
		BF311187244808920015FD94 /* LaunchScreen.storyboard */ = {
			isa = PBXVariantGroup;
			children = (
				BF311188244808920015FD94 /* Base */,
				D4ED5126246E74FF006F8FE0 /* zh-Hant */,
			);
			name = LaunchScreen.storyboard;
			sourceTree = "<group>";
		};
		D4DF65CD24889C33005D0051 /* MainInterface.storyboard */ = {
			isa = PBXVariantGroup;
			children = (
				D4DF65CE24889C33005D0051 /* Base */,
			);
			name = MainInterface.storyboard;
			sourceTree = "<group>";
		};
		D4ED512B246E783F006F8FE0 /* InfoPlist.strings */ = {
			isa = PBXVariantGroup;
			children = (
				D4ED512A246E783F006F8FE0 /* en */,
				D4ED512C246E7867006F8FE0 /* zh-Hant */,
			);
			name = InfoPlist.strings;
			sourceTree = "<group>";
		};
		D4ED5131246E7FCF006F8FE0 /* Localizable.strings */ = {
			isa = PBXVariantGroup;
			children = (
				D4ED5130246E7FCF006F8FE0 /* en */,
				D4ED5132246E7FD3006F8FE0 /* zh-Hant */,
			);
			name = Localizable.strings;
			sourceTree = "<group>";
		};
/* End PBXVariantGroup section */

/* Begin XCBuildConfiguration section */
		BF31118B244808920015FD94 /* Debug */ = {
			isa = XCBuildConfiguration;
			buildSettings = {
				ALWAYS_SEARCH_USER_PATHS = NO;
				CLANG_ANALYZER_LOCALIZABILITY_NONLOCALIZED = YES;
				CLANG_ANALYZER_NONNULL = YES;
				CLANG_ANALYZER_NUMBER_OBJECT_CONVERSION = YES_AGGRESSIVE;
				CLANG_CXX_LANGUAGE_STANDARD = "gnu++14";
				CLANG_CXX_LIBRARY = "libc++";
				CLANG_ENABLE_MODULES = YES;
				CLANG_ENABLE_OBJC_ARC = YES;
				CLANG_ENABLE_OBJC_WEAK = YES;
				CLANG_WARN_BLOCK_CAPTURE_AUTORELEASING = YES;
				CLANG_WARN_BOOL_CONVERSION = YES;
				CLANG_WARN_COMMA = YES;
				CLANG_WARN_CONSTANT_CONVERSION = YES;
				CLANG_WARN_DEPRECATED_OBJC_IMPLEMENTATIONS = YES;
				CLANG_WARN_DIRECT_OBJC_ISA_USAGE = YES_ERROR;
				CLANG_WARN_DOCUMENTATION_COMMENTS = YES;
				CLANG_WARN_EMPTY_BODY = YES;
				CLANG_WARN_ENUM_CONVERSION = YES;
				CLANG_WARN_INFINITE_RECURSION = YES;
				CLANG_WARN_INT_CONVERSION = YES;
				CLANG_WARN_NON_LITERAL_NULL_CONVERSION = YES;
				CLANG_WARN_OBJC_IMPLICIT_RETAIN_SELF = YES;
				CLANG_WARN_OBJC_LITERAL_CONVERSION = YES;
				CLANG_WARN_OBJC_ROOT_CLASS = YES_ERROR;
				CLANG_WARN_RANGE_LOOP_ANALYSIS = YES;
				CLANG_WARN_STRICT_PROTOTYPES = YES;
				CLANG_WARN_SUSPICIOUS_MOVE = YES;
				CLANG_WARN_UNGUARDED_AVAILABILITY = YES_AGGRESSIVE;
				CLANG_WARN_UNREACHABLE_CODE = YES;
				CLANG_WARN__DUPLICATE_METHOD_MATCH = YES;
				COPY_PHASE_STRIP = NO;
				DEBUG_INFORMATION_FORMAT = dwarf;
				ENABLE_STRICT_OBJC_MSGSEND = YES;
				ENABLE_TESTABILITY = YES;
				GCC_C_LANGUAGE_STANDARD = gnu11;
				GCC_DYNAMIC_NO_PIC = NO;
				GCC_NO_COMMON_BLOCKS = YES;
				GCC_OPTIMIZATION_LEVEL = 0;
				GCC_PREPROCESSOR_DEFINITIONS = (
					"DEBUG=1",
					"$(inherited)",
				);
				GCC_WARN_64_TO_32_BIT_CONVERSION = YES;
				GCC_WARN_ABOUT_RETURN_TYPE = YES_ERROR;
				GCC_WARN_UNDECLARED_SELECTOR = YES;
				GCC_WARN_UNINITIALIZED_AUTOS = YES_AGGRESSIVE;
				GCC_WARN_UNUSED_FUNCTION = YES;
				GCC_WARN_UNUSED_VARIABLE = YES;
				IPHONEOS_DEPLOYMENT_TARGET = 13.2;
				MTL_ENABLE_DEBUG_INFO = INCLUDE_SOURCE;
				MTL_FAST_MATH = YES;
				ONLY_ACTIVE_ARCH = YES;
				SDKROOT = iphoneos;
				SWIFT_ACTIVE_COMPILATION_CONDITIONS = DEBUG;
				SWIFT_OPTIMIZATION_LEVEL = "-Onone";
			};
			name = Debug;
		};
		BF31118C244808920015FD94 /* Release */ = {
			isa = XCBuildConfiguration;
			buildSettings = {
				ALWAYS_SEARCH_USER_PATHS = NO;
				CLANG_ANALYZER_LOCALIZABILITY_NONLOCALIZED = YES;
				CLANG_ANALYZER_NONNULL = YES;
				CLANG_ANALYZER_NUMBER_OBJECT_CONVERSION = YES_AGGRESSIVE;
				CLANG_CXX_LANGUAGE_STANDARD = "gnu++14";
				CLANG_CXX_LIBRARY = "libc++";
				CLANG_ENABLE_MODULES = YES;
				CLANG_ENABLE_OBJC_ARC = YES;
				CLANG_ENABLE_OBJC_WEAK = YES;
				CLANG_WARN_BLOCK_CAPTURE_AUTORELEASING = YES;
				CLANG_WARN_BOOL_CONVERSION = YES;
				CLANG_WARN_COMMA = YES;
				CLANG_WARN_CONSTANT_CONVERSION = YES;
				CLANG_WARN_DEPRECATED_OBJC_IMPLEMENTATIONS = YES;
				CLANG_WARN_DIRECT_OBJC_ISA_USAGE = YES_ERROR;
				CLANG_WARN_DOCUMENTATION_COMMENTS = YES;
				CLANG_WARN_EMPTY_BODY = YES;
				CLANG_WARN_ENUM_CONVERSION = YES;
				CLANG_WARN_INFINITE_RECURSION = YES;
				CLANG_WARN_INT_CONVERSION = YES;
				CLANG_WARN_NON_LITERAL_NULL_CONVERSION = YES;
				CLANG_WARN_OBJC_IMPLICIT_RETAIN_SELF = YES;
				CLANG_WARN_OBJC_LITERAL_CONVERSION = YES;
				CLANG_WARN_OBJC_ROOT_CLASS = YES_ERROR;
				CLANG_WARN_RANGE_LOOP_ANALYSIS = YES;
				CLANG_WARN_STRICT_PROTOTYPES = YES;
				CLANG_WARN_SUSPICIOUS_MOVE = YES;
				CLANG_WARN_UNGUARDED_AVAILABILITY = YES_AGGRESSIVE;
				CLANG_WARN_UNREACHABLE_CODE = YES;
				CLANG_WARN__DUPLICATE_METHOD_MATCH = YES;
				COPY_PHASE_STRIP = NO;
				DEBUG_INFORMATION_FORMAT = "dwarf-with-dsym";
				ENABLE_NS_ASSERTIONS = NO;
				ENABLE_STRICT_OBJC_MSGSEND = YES;
				GCC_C_LANGUAGE_STANDARD = gnu11;
				GCC_NO_COMMON_BLOCKS = YES;
				GCC_WARN_64_TO_32_BIT_CONVERSION = YES;
				GCC_WARN_ABOUT_RETURN_TYPE = YES_ERROR;
				GCC_WARN_UNDECLARED_SELECTOR = YES;
				GCC_WARN_UNINITIALIZED_AUTOS = YES_AGGRESSIVE;
				GCC_WARN_UNUSED_FUNCTION = YES;
				GCC_WARN_UNUSED_VARIABLE = YES;
				IPHONEOS_DEPLOYMENT_TARGET = 13.2;
				MTL_ENABLE_DEBUG_INFO = NO;
				MTL_FAST_MATH = YES;
				SDKROOT = iphoneos;
				SWIFT_COMPILATION_MODE = wholemodule;
				SWIFT_OPTIMIZATION_LEVEL = "-O";
				VALIDATE_PRODUCT = YES;
			};
			name = Release;
		};
		BF31118E244808920015FD94 /* Debug */ = {
			isa = XCBuildConfiguration;
			baseConfigurationReference = 181742C86D120D067F13A4FB /* Pods-NoteApp.debug.xcconfig */;
			buildSettings = {
				ALWAYS_EMBED_SWIFT_STANDARD_LIBRARIES = YES;
				ASSETCATALOG_COMPILER_APPICON_NAME = AppIcon;
				CODE_SIGN_ENTITLEMENTS = NoteApp/NoteApp.entitlements;
				CODE_SIGN_STYLE = Automatic;
				CURRENT_PROJECT_VERSION = 1.0.0;
				DEBUG_INFORMATION_FORMAT = "dwarf-with-dsym";
				DEVELOPMENT_TEAM = CKXN44F8N2;
				INFOPLIST_FILE = NoteApp/Info.plist;
				IPHONEOS_DEPLOYMENT_TARGET = 13.0;
				LD_RUNPATH_SEARCH_PATHS = (
					"$(inherited)",
					"@executable_path/Frameworks",
				);
				MARKETING_VERSION = 1.0.0;
				PRODUCT_BUNDLE_IDENTIFIER = org.iiiedu.lab.NoteApp10;
				PRODUCT_NAME = "$(TARGET_NAME)";
				SWIFT_VERSION = 5.0;
				TARGETED_DEVICE_FAMILY = 1;
			};
			name = Debug;
		};
		BF31118F244808920015FD94 /* Release */ = {
			isa = XCBuildConfiguration;
			baseConfigurationReference = B50FE9DC0EBE4EE5B7A4AFA1 /* Pods-NoteApp.release.xcconfig */;
			buildSettings = {
				ALWAYS_EMBED_SWIFT_STANDARD_LIBRARIES = YES;
				ASSETCATALOG_COMPILER_APPICON_NAME = AppIcon;
				CODE_SIGN_ENTITLEMENTS = NoteApp/NoteApp.entitlements;
				CODE_SIGN_STYLE = Automatic;
				CURRENT_PROJECT_VERSION = 1.0.0;
				DEVELOPMENT_TEAM = CKXN44F8N2;
				INFOPLIST_FILE = NoteApp/Info.plist;
				IPHONEOS_DEPLOYMENT_TARGET = 13.0;
				LD_RUNPATH_SEARCH_PATHS = (
					"$(inherited)",
					"@executable_path/Frameworks",
				);
				MARKETING_VERSION = 1.0.0;
				PRODUCT_BUNDLE_IDENTIFIER = org.iiiedu.lab.NoteApp10;
				PRODUCT_NAME = "$(TARGET_NAME)";
				SWIFT_VERSION = 5.0;
				TARGETED_DEVICE_FAMILY = 1;
			};
			name = Release;
		};
		D4DF65D524889C33005D0051 /* Debug */ = {
			isa = XCBuildConfiguration;
			buildSettings = {
				CODE_SIGN_ENTITLEMENTS = PetWidget/PetWidget.entitlements;
				CODE_SIGN_STYLE = Automatic;
				CURRENT_PROJECT_VERSION = 1.0.0;
				DEVELOPMENT_TEAM = CKXN44F8N2;
				INFOPLIST_FILE = PetWidget/Info.plist;
				IPHONEOS_DEPLOYMENT_TARGET = 13.2;
				LD_RUNPATH_SEARCH_PATHS = (
					"$(inherited)",
					"@executable_path/Frameworks",
					"@executable_path/../../Frameworks",
				);
				MARKETING_VERSION = 1.0.0;
				PRODUCT_BUNDLE_IDENTIFIER = org.iiiedu.lab.NoteApp10.PetWidget;
				PRODUCT_NAME = "$(TARGET_NAME)";
				SKIP_INSTALL = YES;
				SWIFT_VERSION = 5.0;
				TARGETED_DEVICE_FAMILY = 1;
			};
			name = Debug;
		};
		D4DF65D624889C33005D0051 /* Release */ = {
			isa = XCBuildConfiguration;
			buildSettings = {
				CODE_SIGN_ENTITLEMENTS = PetWidget/PetWidget.entitlements;
				CODE_SIGN_STYLE = Automatic;
				CURRENT_PROJECT_VERSION = 1.0.0;
				DEVELOPMENT_TEAM = CKXN44F8N2;
				INFOPLIST_FILE = PetWidget/Info.plist;
				IPHONEOS_DEPLOYMENT_TARGET = 13.2;
				LD_RUNPATH_SEARCH_PATHS = (
					"$(inherited)",
					"@executable_path/Frameworks",
					"@executable_path/../../Frameworks",
				);
				MARKETING_VERSION = 1.0.0;
				PRODUCT_BUNDLE_IDENTIFIER = org.iiiedu.lab.NoteApp10.PetWidget;
				PRODUCT_NAME = "$(TARGET_NAME)";
				SKIP_INSTALL = YES;
				SWIFT_VERSION = 5.0;
				TARGETED_DEVICE_FAMILY = 1;
			};
			name = Release;
		};
/* End XCBuildConfiguration section */

/* Begin XCConfigurationList section */
		BF3111742448088E0015FD94 /* Build configuration list for PBXProject "NoteApp" */ = {
			isa = XCConfigurationList;
			buildConfigurations = (
				BF31118B244808920015FD94 /* Debug */,
				BF31118C244808920015FD94 /* Release */,
			);
			defaultConfigurationIsVisible = 0;
			defaultConfigurationName = Release;
		};
		BF31118D244808920015FD94 /* Build configuration list for PBXNativeTarget "NoteApp" */ = {
			isa = XCConfigurationList;
			buildConfigurations = (
				BF31118E244808920015FD94 /* Debug */,
				BF31118F244808920015FD94 /* Release */,
			);
			defaultConfigurationIsVisible = 0;
			defaultConfigurationName = Release;
		};
		D4DF65D424889C33005D0051 /* Build configuration list for PBXNativeTarget "PetWidget" */ = {
			isa = XCConfigurationList;
			buildConfigurations = (
				D4DF65D524889C33005D0051 /* Debug */,
				D4DF65D624889C33005D0051 /* Release */,
			);
			defaultConfigurationIsVisible = 0;
			defaultConfigurationName = Release;
		};
/* End XCConfigurationList section */

/* Begin XCVersionGroup section */
		BF4D77C22457CDBB0052E461 /* NoteDataModel.xcdatamodeld */ = {
			isa = XCVersionGroup;
			children = (
				BF4D77C72457FF0C0052E461 /* 2.0.xcdatamodel */,
				BF4D77C32457CDBB0052E461 /* NoteDataModel.xcdatamodel */,
			);
			currentVersion = BF4D77C72457FF0C0052E461 /* 2.0.xcdatamodel */;
			path = NoteDataModel.xcdatamodeld;
			sourceTree = "<group>";
			versionGroupType = wrapper.xcdatamodel;
		};
/* End XCVersionGroup section */
	};
	rootObject = BF3111712448088E0015FD94 /* Project object */;
}
